// !$*UTF8*$!
{
	archiveVersion = 1;
	classes = {
	};
	objectVersion = 46;
	objects = {

/* Begin PBXBuildFile section */
		7C003BB61804BB410098763A /* Location.m in Sources */ = {isa = PBXBuildFile; fileRef = 7C003BB51804BB410098763A /* Location.m */; };
		7C003BB91804BB780098763A /* LocationDataController.m in Sources */ = {isa = PBXBuildFile; fileRef = 7C003BB81804BB780098763A /* LocationDataController.m */; };
		7C0B4A5D18071003007A7DCE /* CredViewController.m in Sources */ = {isa = PBXBuildFile; fileRef = 7C0B4A5C18071003007A7DCE /* CredViewController.m */; };
		7C0B4A6018071983007A7DCE /* locationMapViewController.m in Sources */ = {isa = PBXBuildFile; fileRef = 7C0B4A5F18071983007A7DCE /* locationMapViewController.m */; };
		7C0B4A6318073BB2007A7DCE /* SOPViewController.m in Sources */ = {isa = PBXBuildFile; fileRef = 7C0B4A6218073BB2007A7DCE /* SOPViewController.m */; };
		7C0B4A6518073D2E007A7DCE /* ASD-PSSOPpart1.pdf in Resources */ = {isa = PBXBuildFile; fileRef = 7C0B4A6418073D2E007A7DCE /* ASD-PSSOPpart1.pdf */; };
		7C0C04E1180DB504000B5B08 /* mapAnnotation.m in Sources */ = {isa = PBXBuildFile; fileRef = 7C0C04E0180DB504000B5B08 /* mapAnnotation.m */; };
		7C0C04E3180DB68E000B5B08 /* InfoPlist.strings in Resources */ = {isa = PBXBuildFile; fileRef = 7C0C04E2180DB68E000B5B08 /* InfoPlist.strings */; };
		7C147B4C1803D53B00C36D0E /* caf_vendors.png in Resources */ = {isa = PBXBuildFile; fileRef = 7C147B3F1803D53B00C36D0E /* caf_vendors.png */; };
		7C147B4D1803D53B00C36D0E /* caficon.png in Resources */ = {isa = PBXBuildFile; fileRef = 7C147B401803D53B00C36D0E /* caficon.png */; };
		7C147B4E1803D53B00C36D0E /* caficon120.png in Resources */ = {isa = PBXBuildFile; fileRef = 7C147B411803D53B00C36D0E /* caficon120.png */; };
		7C147B4F1803D53B00C36D0E /* caficon60.png in Resources */ = {isa = PBXBuildFile; fileRef = 7C147B421803D53B00C36D0E /* caficon60.png */; };
		7C147B501803D53B00C36D0E /* credentials.jpg in Resources */ = {isa = PBXBuildFile; fileRef = 7C147B431803D53B00C36D0E /* credentials.jpg */; };
		7C147B531803D53B00C36D0E /* icon1024.png in Resources */ = {isa = PBXBuildFile; fileRef = 7C147B461803D53B00C36D0E /* icon1024.png */; };
		7C147B551803D53B00C36D0E /* icon152.png in Resources */ = {isa = PBXBuildFile; fileRef = 7C147B481803D53B00C36D0E /* icon152.png */; };
		7C147B561803D53B00C36D0E /* icon512.png in Resources */ = {isa = PBXBuildFile; fileRef = 7C147B491803D53B00C36D0E /* icon512.png */; };
		7C147B571803D53B00C36D0E /* icon76.png in Resources */ = {isa = PBXBuildFile; fileRef = 7C147B4A1803D53B00C36D0E /* icon76.png */; };
		7C147B581803D53B00C36D0E /* wings.png in Resources */ = {isa = PBXBuildFile; fileRef = 7C147B4B1803D53B00C36D0E /* wings.png */; };
		7C19A624180500770052902A /* cafmappic.png in Resources */ = {isa = PBXBuildFile; fileRef = 7C19A623180500770052902A /* cafmappic.png */; };
		7C2C0EB7182307C2000D4826 /* Parse.framework in Frameworks */ = {isa = PBXBuildFile; fileRef = 7C2C0EB6182307C2000D4826 /* Parse.framework */; };
		7C2C0EB9182307F0000D4826 /* AudioToolbox.framework in Frameworks */ = {isa = PBXBuildFile; fileRef = 7C2C0EB8182307F0000D4826 /* AudioToolbox.framework */; };
		7C2C0EBB18230800000D4826 /* CFNetwork.framework in Frameworks */ = {isa = PBXBuildFile; fileRef = 7C2C0EBA18230800000D4826 /* CFNetwork.framework */; };
		7C2C0EC318230875000D4826 /* CoreLocation.framework in Frameworks */ = {isa = PBXBuildFile; fileRef = 7C2C0EBC18230875000D4826 /* CoreLocation.framework */; };
		7C2C0EC418230875000D4826 /* libz.1.1.3.dylib in Frameworks */ = {isa = PBXBuildFile; fileRef = 7C2C0EBD18230875000D4826 /* libz.1.1.3.dylib */; };
		7C2C0EC518230875000D4826 /* MobileCoreServices.framework in Frameworks */ = {isa = PBXBuildFile; fileRef = 7C2C0EBE18230875000D4826 /* MobileCoreServices.framework */; };
		7C2C0EC618230875000D4826 /* QuartzCore.framework in Frameworks */ = {isa = PBXBuildFile; fileRef = 7C2C0EBF18230875000D4826 /* QuartzCore.framework */; };
		7C2C0EC718230875000D4826 /* Security.framework in Frameworks */ = {isa = PBXBuildFile; fileRef = 7C2C0EC018230875000D4826 /* Security.framework */; };
		7C2C0EC918230875000D4826 /* SystemConfiguration.framework in Frameworks */ = {isa = PBXBuildFile; fileRef = 7C2C0EC218230875000D4826 /* SystemConfiguration.framework */; };
		7C484CA2182F5A3C005C36AA /* phone-vector-icon-64.png in Resources */ = {isa = PBXBuildFile; fileRef = 7C484CA1182F5A3C005C36AA /* phone-vector-icon-64.png */; };
		7C70A267180ED4A700D95D2B /* libsqlite3.0.dylib in Frameworks */ = {isa = PBXBuildFile; fileRef = 7C70A266180ED4A700D95D2B /* libsqlite3.0.dylib */; };
		7C93A7B21804623E00529531 /* MapKit.framework in Frameworks */ = {isa = PBXBuildFile; fileRef = 7C93A7B11804623E00529531 /* MapKit.framework */; };
		7C93A7B51804A84F00529531 /* MapViewController.m in Sources */ = {isa = PBXBuildFile; fileRef = 7C93A7B41804A84F00529531 /* MapViewController.m */; };
		7C9B78EF1816C57C00902D79 /* ContactsTableViewController.m in Sources */ = {isa = PBXBuildFile; fileRef = 7C9B78EE1816C57C00902D79 /* ContactsTableViewController.m */; };
		7CAEA59018066EFB004EF7A1 /* SafariServices.framework in Frameworks */ = {isa = PBXBuildFile; fileRef = 7CAEA58F18066EFB004EF7A1 /* SafariServices.framework */; };
		7CAEE6A1182B3BEB006C0CD7 /* placeholder.png in Resources */ = {isa = PBXBuildFile; fileRef = 7CAEE6A0182B3BEB006C0CD7 /* placeholder.png */; };
		7CB16E1E1831E145001C2722 /* messagesbubbleblack.png in Resources */ = {isa = PBXBuildFile; fileRef = 7CB16E1D1831E145001C2722 /* messagesbubbleblack.png */; };
		7CC13CBA182953840076172F /* NewVendorViewController.m in Sources */ = {isa = PBXBuildFile; fileRef = 7CC13CB9182953840076172F /* NewVendorViewController.m */; };
		7CC13CBC182970190076172F /* add-photo-placeholder.png in Resources */ = {isa = PBXBuildFile; fileRef = 7CC13CBB182970190076172F /* add-photo-placeholder.png */; };
		7CC13CBF1829975E0076172F /* MBProgressHUD.m in Sources */ = {isa = PBXBuildFile; fileRef = 7CC13CBE1829975E0076172F /* MBProgressHUD.m */; };
		7CC9CEBD18079A350097A75D /* contact.html in Resources */ = {isa = PBXBuildFile; fileRef = 7CC9CEBC18079A350097A75D /* contact.html */; };
		7CC9CEC01807A63A0097A75D /* contactsViewController.m in Sources */ = {isa = PBXBuildFile; fileRef = 7CC9CEBF1807A63A0097A75D /* contactsViewController.m */; };
		7CC9CEC21807B25C0097A75D /* book.png in Resources */ = {isa = PBXBuildFile; fileRef = 7CC9CEC11807B25C0097A75D /* book.png */; };
		7CC9CEC41807B39F0097A75D /* contacts.png in Resources */ = {isa = PBXBuildFile; fileRef = 7CC9CEC31807B39F0097A75D /* contacts.png */; };
		7CC9CEC61807B46D0097A75D /* star.png in Resources */ = {isa = PBXBuildFile; fileRef = 7CC9CEC51807B46D0097A75D /* star.png */; };
		7CC9CEC81807B8D30097A75D /* write.png in Resources */ = {isa = PBXBuildFile; fileRef = 7CC9CEC71807B8D30097A75D /* write.png */; };
		7CC9CECA1807BE230097A75D /* 640x1136.png in Resources */ = {isa = PBXBuildFile; fileRef = 7CC9CEC91807BE230097A75D /* 640x1136.png */; };
		7CC9CECE1807C2D90097A75D /* 640x960.png in Resources */ = {isa = PBXBuildFile; fileRef = 7CC9CECD1807C2D90097A75D /* 640x960.png */; };
		7CE53DA41803864E00DC91AA /* Foundation.framework in Frameworks */ = {isa = PBXBuildFile; fileRef = 7CE53DA31803864E00DC91AA /* Foundation.framework */; };
		7CE53DA61803864E00DC91AA /* CoreGraphics.framework in Frameworks */ = {isa = PBXBuildFile; fileRef = 7CE53DA51803864E00DC91AA /* CoreGraphics.framework */; };
		7CE53DA81803864E00DC91AA /* UIKit.framework in Frameworks */ = {isa = PBXBuildFile; fileRef = 7CE53DA71803864E00DC91AA /* UIKit.framework */; };
		7CE53DB01803864F00DC91AA /* main.m in Sources */ = {isa = PBXBuildFile; fileRef = 7CE53DAF1803864F00DC91AA /* main.m */; };
		7CE53DB41803864F00DC91AA /* AppDelegate.m in Sources */ = {isa = PBXBuildFile; fileRef = 7CE53DB31803864F00DC91AA /* AppDelegate.m */; };
		7CE53DB71803864F00DC91AA /* Main.storyboard in Resources */ = {isa = PBXBuildFile; fileRef = 7CE53DB51803864F00DC91AA /* Main.storyboard */; };
		7CE53DBA1803864F00DC91AA /* ViewController.m in Sources */ = {isa = PBXBuildFile; fileRef = 7CE53DB91803864F00DC91AA /* ViewController.m */; };
		7CE53DBC1803864F00DC91AA /* Images.xcassets in Resources */ = {isa = PBXBuildFile; fileRef = 7CE53DBB1803864F00DC91AA /* Images.xcassets */; };
		7CE53DC31803864F00DC91AA /* XCTest.framework in Frameworks */ = {isa = PBXBuildFile; fileRef = 7CE53DC21803864F00DC91AA /* XCTest.framework */; };
		7CE53DC41803864F00DC91AA /* Foundation.framework in Frameworks */ = {isa = PBXBuildFile; fileRef = 7CE53DA31803864E00DC91AA /* Foundation.framework */; };
		7CE53DC51803864F00DC91AA /* UIKit.framework in Frameworks */ = {isa = PBXBuildFile; fileRef = 7CE53DA71803864E00DC91AA /* UIKit.framework */; };
		7CE53DCD1803864F00DC91AA /* InfoPlist.strings in Resources */ = {isa = PBXBuildFile; fileRef = 7CE53DCB1803864F00DC91AA /* InfoPlist.strings */; };
		7CE53DCF1803864F00DC91AA /* CAFPublicSafetyTests.m in Sources */ = {isa = PBXBuildFile; fileRef = 7CE53DCE1803864F00DC91AA /* CAFPublicSafetyTests.m */; };
		7CE53DD91803865D00DC91AA /* CoreData.framework in Frameworks */ = {isa = PBXBuildFile; fileRef = 7CE53DD81803865D00DC91AA /* CoreData.framework */; };
		7CE7A38D1826AD3100C0964C /* VendorsViewController.m in Sources */ = {isa = PBXBuildFile; fileRef = 7CE7A38C1826AD3100C0964C /* VendorsViewController.m */; };
		7CE7A3901826AE1B00C0964C /* vendor.m in Sources */ = {isa = PBXBuildFile; fileRef = 7CE7A38F1826AE1B00C0964C /* vendor.m */; };
		7CE7A3931826AF9A00C0964C /* VendorDetialViewController.m in Sources */ = {isa = PBXBuildFile; fileRef = 7CE7A3921826AF9A00C0964C /* VendorDetialViewController.m */; };
/* End PBXBuildFile section */

/* Begin PBXContainerItemProxy section */
		7CE53DC61803864F00DC91AA /* PBXContainerItemProxy */ = {
			isa = PBXContainerItemProxy;
			containerPortal = 7CE53D981803864E00DC91AA /* Project object */;
			proxyType = 1;
			remoteGlobalIDString = 7CE53D9F1803864E00DC91AA;
			remoteInfo = CAFPublicSafety;
		};
/* End PBXContainerItemProxy section */

/* Begin PBXFileReference section */
		7C003BB41804BB410098763A /* Location.h */ = {isa = PBXFileReference; fileEncoding = 4; lastKnownFileType = sourcecode.c.h; path = Location.h; sourceTree = "<group>"; };
		7C003BB51804BB410098763A /* Location.m */ = {isa = PBXFileReference; fileEncoding = 4; lastKnownFileType = sourcecode.c.objc; path = Location.m; sourceTree = "<group>"; };
		7C003BB71804BB780098763A /* LocationDataController.h */ = {isa = PBXFileReference; fileEncoding = 4; lastKnownFileType = sourcecode.c.h; path = LocationDataController.h; sourceTree = "<group>"; };
		7C003BB81804BB780098763A /* LocationDataController.m */ = {isa = PBXFileReference; fileEncoding = 4; lastKnownFileType = sourcecode.c.objc; path = LocationDataController.m; sourceTree = "<group>"; };
		7C0B4A5B18071003007A7DCE /* CredViewController.h */ = {isa = PBXFileReference; fileEncoding = 4; lastKnownFileType = sourcecode.c.h; path = CredViewController.h; sourceTree = "<group>"; };
		7C0B4A5C18071003007A7DCE /* CredViewController.m */ = {isa = PBXFileReference; fileEncoding = 4; lastKnownFileType = sourcecode.c.objc; path = CredViewController.m; sourceTree = "<group>"; };
		7C0B4A5E18071983007A7DCE /* locationMapViewController.h */ = {isa = PBXFileReference; fileEncoding = 4; lastKnownFileType = sourcecode.c.h; path = locationMapViewController.h; sourceTree = "<group>"; };
		7C0B4A5F18071983007A7DCE /* locationMapViewController.m */ = {isa = PBXFileReference; fileEncoding = 4; lastKnownFileType = sourcecode.c.objc; path = locationMapViewController.m; sourceTree = "<group>"; };
		7C0B4A6118073BB2007A7DCE /* SOPViewController.h */ = {isa = PBXFileReference; fileEncoding = 4; lastKnownFileType = sourcecode.c.h; path = SOPViewController.h; sourceTree = "<group>"; };
		7C0B4A6218073BB2007A7DCE /* SOPViewController.m */ = {isa = PBXFileReference; fileEncoding = 4; lastKnownFileType = sourcecode.c.objc; path = SOPViewController.m; sourceTree = "<group>"; };
		7C0B4A6418073D2E007A7DCE /* ASD-PSSOPpart1.pdf */ = {isa = PBXFileReference; lastKnownFileType = image.pdf; name = "ASD-PSSOPpart1.pdf"; path = "caf/ASD-PSSOPpart1.pdf"; sourceTree = "<group>"; };
		7C0C04DF180DB504000B5B08 /* mapAnnotation.h */ = {isa = PBXFileReference; fileEncoding = 4; lastKnownFileType = sourcecode.c.h; path = mapAnnotation.h; sourceTree = "<group>"; };
		7C0C04E0180DB504000B5B08 /* mapAnnotation.m */ = {isa = PBXFileReference; fileEncoding = 4; lastKnownFileType = sourcecode.c.objc; path = mapAnnotation.m; sourceTree = "<group>"; };
		7C0C04E2180DB68E000B5B08 /* InfoPlist.strings */ = {isa = PBXFileReference; fileEncoding = 4; lastKnownFileType = text.plist.strings; path = InfoPlist.strings; sourceTree = "<group>"; };
		7C147B3F1803D53B00C36D0E /* caf_vendors.png */ = {isa = PBXFileReference; lastKnownFileType = image.png; path = caf_vendors.png; sourceTree = "<group>"; };
		7C147B401803D53B00C36D0E /* caficon.png */ = {isa = PBXFileReference; lastKnownFileType = image.png; path = caficon.png; sourceTree = "<group>"; };
		7C147B411803D53B00C36D0E /* caficon120.png */ = {isa = PBXFileReference; lastKnownFileType = image.png; path = caficon120.png; sourceTree = "<group>"; };
		7C147B421803D53B00C36D0E /* caficon60.png */ = {isa = PBXFileReference; lastKnownFileType = image.png; path = caficon60.png; sourceTree = "<group>"; };
		7C147B431803D53B00C36D0E /* credentials.jpg */ = {isa = PBXFileReference; lastKnownFileType = image.jpeg; path = credentials.jpg; sourceTree = "<group>"; };
		7C147B461803D53B00C36D0E /* icon1024.png */ = {isa = PBXFileReference; lastKnownFileType = image.png; path = icon1024.png; sourceTree = "<group>"; };
		7C147B481803D53B00C36D0E /* icon152.png */ = {isa = PBXFileReference; lastKnownFileType = image.png; path = icon152.png; sourceTree = "<group>"; };
		7C147B491803D53B00C36D0E /* icon512.png */ = {isa = PBXFileReference; lastKnownFileType = image.png; path = icon512.png; sourceTree = "<group>"; };
		7C147B4A1803D53B00C36D0E /* icon76.png */ = {isa = PBXFileReference; lastKnownFileType = image.png; path = icon76.png; sourceTree = "<group>"; };
		7C147B4B1803D53B00C36D0E /* wings.png */ = {isa = PBXFileReference; lastKnownFileType = image.png; path = wings.png; sourceTree = "<group>"; };
		7C19A623180500770052902A /* cafmappic.png */ = {isa = PBXFileReference; lastKnownFileType = image.png; path = cafmappic.png; sourceTree = "<group>"; };
		7C2C0EB6182307C2000D4826 /* Parse.framework */ = {isa = PBXFileReference; lastKnownFileType = wrapper.framework; path = Parse.framework; sourceTree = "<group>"; };
		7C2C0EB8182307F0000D4826 /* AudioToolbox.framework */ = {isa = PBXFileReference; lastKnownFileType = wrapper.framework; name = AudioToolbox.framework; path = System/Library/Frameworks/AudioToolbox.framework; sourceTree = SDKROOT; };
		7C2C0EBA18230800000D4826 /* CFNetwork.framework */ = {isa = PBXFileReference; lastKnownFileType = wrapper.framework; name = CFNetwork.framework; path = System/Library/Frameworks/CFNetwork.framework; sourceTree = SDKROOT; };
		7C2C0EBC18230875000D4826 /* CoreLocation.framework */ = {isa = PBXFileReference; lastKnownFileType = wrapper.framework; name = CoreLocation.framework; path = System/Library/Frameworks/CoreLocation.framework; sourceTree = SDKROOT; };
		7C2C0EBD18230875000D4826 /* libz.1.1.3.dylib */ = {isa = PBXFileReference; lastKnownFileType = "compiled.mach-o.dylib"; name = libz.1.1.3.dylib; path = usr/lib/libz.1.1.3.dylib; sourceTree = SDKROOT; };
		7C2C0EBE18230875000D4826 /* MobileCoreServices.framework */ = {isa = PBXFileReference; lastKnownFileType = wrapper.framework; name = MobileCoreServices.framework; path = System/Library/Frameworks/MobileCoreServices.framework; sourceTree = SDKROOT; };
		7C2C0EBF18230875000D4826 /* QuartzCore.framework */ = {isa = PBXFileReference; lastKnownFileType = wrapper.framework; name = QuartzCore.framework; path = System/Library/Frameworks/QuartzCore.framework; sourceTree = SDKROOT; };
		7C2C0EC018230875000D4826 /* Security.framework */ = {isa = PBXFileReference; lastKnownFileType = wrapper.framework; name = Security.framework; path = System/Library/Frameworks/Security.framework; sourceTree = SDKROOT; };
		7C2C0EC218230875000D4826 /* SystemConfiguration.framework */ = {isa = PBXFileReference; lastKnownFileType = wrapper.framework; name = SystemConfiguration.framework; path = System/Library/Frameworks/SystemConfiguration.framework; sourceTree = SDKROOT; };
		7C484CA1182F5A3C005C36AA /* phone-vector-icon-64.png */ = {isa = PBXFileReference; lastKnownFileType = image.png; path = "phone-vector-icon-64.png"; sourceTree = "<group>"; };
		7C70A266180ED4A700D95D2B /* libsqlite3.0.dylib */ = {isa = PBXFileReference; lastKnownFileType = "compiled.mach-o.dylib"; name = libsqlite3.0.dylib; path = usr/lib/libsqlite3.0.dylib; sourceTree = SDKROOT; };
		7C93A7B11804623E00529531 /* MapKit.framework */ = {isa = PBXFileReference; lastKnownFileType = wrapper.framework; name = MapKit.framework; path = System/Library/Frameworks/MapKit.framework; sourceTree = SDKROOT; };
		7C93A7B31804A84F00529531 /* MapViewController.h */ = {isa = PBXFileReference; fileEncoding = 4; lastKnownFileType = sourcecode.c.h; path = MapViewController.h; sourceTree = "<group>"; };
		7C93A7B41804A84F00529531 /* MapViewController.m */ = {isa = PBXFileReference; fileEncoding = 4; lastKnownFileType = sourcecode.c.objc; path = MapViewController.m; sourceTree = "<group>"; };
		7C9B78ED1816C57C00902D79 /* ContactsTableViewController.h */ = {isa = PBXFileReference; fileEncoding = 4; lastKnownFileType = sourcecode.c.h; path = ContactsTableViewController.h; sourceTree = "<group>"; };
		7C9B78EE1816C57C00902D79 /* ContactsTableViewController.m */ = {isa = PBXFileReference; fileEncoding = 4; lastKnownFileType = sourcecode.c.objc; path = ContactsTableViewController.m; sourceTree = "<group>"; };
		7CAEA58F18066EFB004EF7A1 /* SafariServices.framework */ = {isa = PBXFileReference; lastKnownFileType = wrapper.framework; name = SafariServices.framework; path = System/Library/Frameworks/SafariServices.framework; sourceTree = SDKROOT; };
		7CAEE6A0182B3BEB006C0CD7 /* placeholder.png */ = {isa = PBXFileReference; lastKnownFileType = image.png; path = placeholder.png; sourceTree = "<group>"; };
		7CB16E1D1831E145001C2722 /* messagesbubbleblack.png */ = {isa = PBXFileReference; lastKnownFileType = image.png; path = messagesbubbleblack.png; sourceTree = "<group>"; };
		7CC13CB8182953840076172F /* NewVendorViewController.h */ = {isa = PBXFileReference; fileEncoding = 4; lastKnownFileType = sourcecode.c.h; path = NewVendorViewController.h; sourceTree = "<group>"; };
		7CC13CB9182953840076172F /* NewVendorViewController.m */ = {isa = PBXFileReference; fileEncoding = 4; lastKnownFileType = sourcecode.c.objc; path = NewVendorViewController.m; sourceTree = "<group>"; };
		7CC13CBB182970190076172F /* add-photo-placeholder.png */ = {isa = PBXFileReference; lastKnownFileType = image.png; path = "add-photo-placeholder.png"; sourceTree = "<group>"; };
		7CC13CBD1829975E0076172F /* MBProgressHUD.h */ = {isa = PBXFileReference; fileEncoding = 4; lastKnownFileType = sourcecode.c.h; path = MBProgressHUD.h; sourceTree = "<group>"; };
		7CC13CBE1829975E0076172F /* MBProgressHUD.m */ = {isa = PBXFileReference; fileEncoding = 4; lastKnownFileType = sourcecode.c.objc; path = MBProgressHUD.m; sourceTree = "<group>"; };
		7CC9CEBC18079A350097A75D /* contact.html */ = {isa = PBXFileReference; fileEncoding = 4; lastKnownFileType = text.html; path = contact.html; sourceTree = "<group>"; };
		7CC9CEBE1807A63A0097A75D /* contactsViewController.h */ = {isa = PBXFileReference; fileEncoding = 4; lastKnownFileType = sourcecode.c.h; path = contactsViewController.h; sourceTree = "<group>"; };
		7CC9CEBF1807A63A0097A75D /* contactsViewController.m */ = {isa = PBXFileReference; fileEncoding = 4; lastKnownFileType = sourcecode.c.objc; path = contactsViewController.m; sourceTree = "<group>"; };
		7CC9CEC11807B25C0097A75D /* book.png */ = {isa = PBXFileReference; lastKnownFileType = image.png; name = book.png; path = ../book.png; sourceTree = "<group>"; };
		7CC9CEC31807B39F0097A75D /* contacts.png */ = {isa = PBXFileReference; lastKnownFileType = image.png; name = contacts.png; path = ../contacts.png; sourceTree = "<group>"; };
		7CC9CEC51807B46D0097A75D /* star.png */ = {isa = PBXFileReference; lastKnownFileType = image.png; name = star.png; path = ../star.png; sourceTree = "<group>"; };
		7CC9CEC71807B8D30097A75D /* write.png */ = {isa = PBXFileReference; lastKnownFileType = image.png; name = write.png; path = ../write.png; sourceTree = "<group>"; };
		7CC9CEC91807BE230097A75D /* 640x1136.png */ = {isa = PBXFileReference; lastKnownFileType = image.png; name = 640x1136.png; path = ../640x1136.png; sourceTree = "<group>"; };
		7CC9CECD1807C2D90097A75D /* 640x960.png */ = {isa = PBXFileReference; lastKnownFileType = image.png; name = 640x960.png; path = ../../640x960.png; sourceTree = "<group>"; };
		7CE53DA01803864E00DC91AA /* CAF.app */ = {isa = PBXFileReference; explicitFileType = wrapper.application; includeInIndex = 0; path = CAF.app; sourceTree = BUILT_PRODUCTS_DIR; };
		7CE53DA31803864E00DC91AA /* Foundation.framework */ = {isa = PBXFileReference; lastKnownFileType = wrapper.framework; name = Foundation.framework; path = System/Library/Frameworks/Foundation.framework; sourceTree = SDKROOT; };
		7CE53DA51803864E00DC91AA /* CoreGraphics.framework */ = {isa = PBXFileReference; lastKnownFileType = wrapper.framework; name = CoreGraphics.framework; path = System/Library/Frameworks/CoreGraphics.framework; sourceTree = SDKROOT; };
		7CE53DA71803864E00DC91AA /* UIKit.framework */ = {isa = PBXFileReference; lastKnownFileType = wrapper.framework; name = UIKit.framework; path = System/Library/Frameworks/UIKit.framework; sourceTree = SDKROOT; };
		7CE53DAB1803864F00DC91AA /* CAF-Info.plist */ = {isa = PBXFileReference; lastKnownFileType = text.plist.xml; path = "CAF-Info.plist"; sourceTree = "<group>"; };
		7CE53DAF1803864F00DC91AA /* main.m */ = {isa = PBXFileReference; lastKnownFileType = sourcecode.c.objc; path = main.m; sourceTree = "<group>"; };
		7CE53DB11803864F00DC91AA /* CAF-Prefix.pch */ = {isa = PBXFileReference; lastKnownFileType = sourcecode.c.h; path = "CAF-Prefix.pch"; sourceTree = "<group>"; };
		7CE53DB21803864F00DC91AA /* AppDelegate.h */ = {isa = PBXFileReference; lastKnownFileType = sourcecode.c.h; path = AppDelegate.h; sourceTree = "<group>"; };
		7CE53DB31803864F00DC91AA /* AppDelegate.m */ = {isa = PBXFileReference; lastKnownFileType = sourcecode.c.objc; path = AppDelegate.m; sourceTree = "<group>"; };
		7CE53DB61803864F00DC91AA /* Base */ = {isa = PBXFileReference; lastKnownFileType = file.storyboard; name = Base; path = Base.lproj/Main.storyboard; sourceTree = "<group>"; };
		7CE53DB81803864F00DC91AA /* ViewController.h */ = {isa = PBXFileReference; lastKnownFileType = sourcecode.c.h; path = ViewController.h; sourceTree = "<group>"; };
		7CE53DB91803864F00DC91AA /* ViewController.m */ = {isa = PBXFileReference; lastKnownFileType = sourcecode.c.objc; path = ViewController.m; sourceTree = "<group>"; };
		7CE53DBB1803864F00DC91AA /* Images.xcassets */ = {isa = PBXFileReference; lastKnownFileType = folder.assetcatalog; path = Images.xcassets; sourceTree = "<group>"; };
		7CE53DC11803864F00DC91AA /* CAFTests.xctest */ = {isa = PBXFileReference; explicitFileType = wrapper.cfbundle; includeInIndex = 0; path = CAFTests.xctest; sourceTree = BUILT_PRODUCTS_DIR; };
		7CE53DC21803864F00DC91AA /* XCTest.framework */ = {isa = PBXFileReference; lastKnownFileType = wrapper.framework; name = XCTest.framework; path = Library/Frameworks/XCTest.framework; sourceTree = DEVELOPER_DIR; };
		7CE53DCA1803864F00DC91AA /* CAFTests-Info.plist */ = {isa = PBXFileReference; lastKnownFileType = text.plist.xml; path = "CAFTests-Info.plist"; sourceTree = "<group>"; };
		7CE53DCC1803864F00DC91AA /* en */ = {isa = PBXFileReference; lastKnownFileType = text.plist.strings; name = en; path = en.lproj/InfoPlist.strings; sourceTree = "<group>"; };
		7CE53DCE1803864F00DC91AA /* CAFPublicSafetyTests.m */ = {isa = PBXFileReference; lastKnownFileType = sourcecode.c.objc; path = CAFPublicSafetyTests.m; sourceTree = "<group>"; };
		7CE53DD81803865D00DC91AA /* CoreData.framework */ = {isa = PBXFileReference; lastKnownFileType = wrapper.framework; name = CoreData.framework; path = System/Library/Frameworks/CoreData.framework; sourceTree = SDKROOT; };
		7CE7A38B1826AD3100C0964C /* VendorsViewController.h */ = {isa = PBXFileReference; fileEncoding = 4; lastKnownFileType = sourcecode.c.h; path = VendorsViewController.h; sourceTree = "<group>"; };
		7CE7A38C1826AD3100C0964C /* VendorsViewController.m */ = {isa = PBXFileReference; fileEncoding = 4; lastKnownFileType = sourcecode.c.objc; path = VendorsViewController.m; sourceTree = "<group>"; };
		7CE7A38E1826AE1B00C0964C /* vendor.h */ = {isa = PBXFileReference; fileEncoding = 4; lastKnownFileType = sourcecode.c.h; path = vendor.h; sourceTree = "<group>"; };
		7CE7A38F1826AE1B00C0964C /* vendor.m */ = {isa = PBXFileReference; fileEncoding = 4; lastKnownFileType = sourcecode.c.objc; path = vendor.m; sourceTree = "<group>"; };
		7CE7A3911826AF9A00C0964C /* VendorDetialViewController.h */ = {isa = PBXFileReference; fileEncoding = 4; lastKnownFileType = sourcecode.c.h; path = VendorDetialViewController.h; sourceTree = "<group>"; };
		7CE7A3921826AF9A00C0964C /* VendorDetialViewController.m */ = {isa = PBXFileReference; fileEncoding = 4; lastKnownFileType = sourcecode.c.objc; path = VendorDetialViewController.m; sourceTree = "<group>"; };
/* End PBXFileReference section */

/* Begin PBXFrameworksBuildPhase section */
		7CE53D9D1803864E00DC91AA /* Frameworks */ = {
			isa = PBXFrameworksBuildPhase;
			buildActionMask = 2147483647;
			files = (
				7C2C0EC318230875000D4826 /* CoreLocation.framework in Frameworks */,
				7C2C0EC418230875000D4826 /* libz.1.1.3.dylib in Frameworks */,
				7C2C0EC518230875000D4826 /* MobileCoreServices.framework in Frameworks */,
				7C2C0EC618230875000D4826 /* QuartzCore.framework in Frameworks */,
				7C2C0EC718230875000D4826 /* Security.framework in Frameworks */,
				7C2C0EC918230875000D4826 /* SystemConfiguration.framework in Frameworks */,
				7CE53DA61803864E00DC91AA /* CoreGraphics.framework in Frameworks */,
				7C2C0EBB18230800000D4826 /* CFNetwork.framework in Frameworks */,
				7C2C0EB9182307F0000D4826 /* AudioToolbox.framework in Frameworks */,
				7C70A267180ED4A700D95D2B /* libsqlite3.0.dylib in Frameworks */,
				7CAEA59018066EFB004EF7A1 /* SafariServices.framework in Frameworks */,
				7C93A7B21804623E00529531 /* MapKit.framework in Frameworks */,
				7CE53DD91803865D00DC91AA /* CoreData.framework in Frameworks */,
				7CE53DA81803864E00DC91AA /* UIKit.framework in Frameworks */,
				7C2C0EB7182307C2000D4826 /* Parse.framework in Frameworks */,
				7CE53DA41803864E00DC91AA /* Foundation.framework in Frameworks */,
			);
			runOnlyForDeploymentPostprocessing = 0;
		};
		7CE53DBE1803864F00DC91AA /* Frameworks */ = {
			isa = PBXFrameworksBuildPhase;
			buildActionMask = 2147483647;
			files = (
				7CE53DC31803864F00DC91AA /* XCTest.framework in Frameworks */,
				7CE53DC51803864F00DC91AA /* UIKit.framework in Frameworks */,
				7CE53DC41803864F00DC91AA /* Foundation.framework in Frameworks */,
			);
			runOnlyForDeploymentPostprocessing = 0;
		};
/* End PBXFrameworksBuildPhase section */

/* Begin PBXGroup section */
		7C0764CA186CC73E00DD2012 /* iPad */ = {
			isa = PBXGroup;
			children = (
			);
			name = iPad;
			sourceTree = "<group>";
		};
		7C147B3E1803D53B00C36D0E /* caf */ = {
			isa = PBXGroup;
			children = (
				7CC9CECD1807C2D90097A75D /* 640x960.png */,
				7CC9CEC11807B25C0097A75D /* book.png */,
				7CC9CEC31807B39F0097A75D /* contacts.png */,
				7C19A623180500770052902A /* cafmappic.png */,
				7C147B3F1803D53B00C36D0E /* caf_vendors.png */,
				7C147B401803D53B00C36D0E /* caficon.png */,
				7C147B411803D53B00C36D0E /* caficon120.png */,
				7C147B421803D53B00C36D0E /* caficon60.png */,
				7C147B431803D53B00C36D0E /* credentials.jpg */,
				7CC9CEC51807B46D0097A75D /* star.png */,
				7CC9CEC71807B8D30097A75D /* write.png */,
				7C147B461803D53B00C36D0E /* icon1024.png */,
				7C147B481803D53B00C36D0E /* icon152.png */,
				7C147B491803D53B00C36D0E /* icon512.png */,
				7C147B4A1803D53B00C36D0E /* icon76.png */,
				7CC9CEC91807BE230097A75D /* 640x1136.png */,
				7C147B4B1803D53B00C36D0E /* wings.png */,
			);
			path = caf;
			sourceTree = "<group>";
		};
		7CE53D971803864E00DC91AA = {
			isa = PBXGroup;
			children = (
				7CE53DA91803864E00DC91AA /* CAF */,
				7CE53DA21803864E00DC91AA /* Frameworks */,
				7CE53DA11803864E00DC91AA /* Products */,
			);
			sourceTree = "<group>";
		};
		7CE53DA11803864E00DC91AA /* Products */ = {
			isa = PBXGroup;
			children = (
				7CE53DA01803864E00DC91AA /* CAF.app */,
				7CE53DC11803864F00DC91AA /* CAFTests.xctest */,
			);
			name = Products;
			sourceTree = "<group>";
		};
		7CE53DA21803864E00DC91AA /* Frameworks */ = {
			isa = PBXGroup;
			children = (
				7C2C0EBC18230875000D4826 /* CoreLocation.framework */,
				7C2C0EBD18230875000D4826 /* libz.1.1.3.dylib */,
				7C2C0EBE18230875000D4826 /* MobileCoreServices.framework */,
				7C2C0EBF18230875000D4826 /* QuartzCore.framework */,
				7C2C0EC018230875000D4826 /* Security.framework */,
				7C2C0EC218230875000D4826 /* SystemConfiguration.framework */,
				7C2C0EBA18230800000D4826 /* CFNetwork.framework */,
				7C2C0EB8182307F0000D4826 /* AudioToolbox.framework */,
				7C2C0EB6182307C2000D4826 /* Parse.framework */,
				7C70A266180ED4A700D95D2B /* libsqlite3.0.dylib */,
				7CAEA58F18066EFB004EF7A1 /* SafariServices.framework */,
				7C93A7B11804623E00529531 /* MapKit.framework */,
				7CE53DD81803865D00DC91AA /* CoreData.framework */,
				7CE53DA31803864E00DC91AA /* Foundation.framework */,
				7CE53DA51803864E00DC91AA /* CoreGraphics.framework */,
				7CE53DA71803864E00DC91AA /* UIKit.framework */,
				7CE53DC21803864F00DC91AA /* XCTest.framework */,
			);
			name = Frameworks;
			sourceTree = "<group>";
		};
		7CE53DA91803864E00DC91AA /* CAF */ = {
			isa = PBXGroup;
			children = (
				7C0764CA186CC73E00DD2012 /* iPad */,
				7CC9CEBC18079A350097A75D /* contact.html */,
				7C0B4A6418073D2E007A7DCE /* ASD-PSSOPpart1.pdf */,
				7CE53DDC1803948300DC91AA /* images */,
				7CE53DDA1803945E00DC91AA /* Model */,
				7C147B3E1803D53B00C36D0E /* caf */,
				7CE53DDB1803946F00DC91AA /* GUI */,
				7CE53DAA1803864F00DC91AA /* Supporting Files */,
			);
			name = CAF;
			path = CAFPublicSafety;
			sourceTree = "<group>";
		};
		7CE53DAA1803864F00DC91AA /* Supporting Files */ = {
			isa = PBXGroup;
			children = (
				7CE53DAB1803864F00DC91AA /* CAF-Info.plist */,
				7C0C04E2180DB68E000B5B08 /* InfoPlist.strings */,
				7CE53DAF1803864F00DC91AA /* main.m */,
				7CE53DB11803864F00DC91AA /* CAF-Prefix.pch */,
				7CE53DC81803864F00DC91AA /* CAFPublicSafetyTests */,
			);
			name = "Supporting Files";
			sourceTree = "<group>";
		};
		7CE53DC81803864F00DC91AA /* CAFPublicSafetyTests */ = {
			isa = PBXGroup;
			children = (
				7CE53DCE1803864F00DC91AA /* CAFPublicSafetyTests.m */,
				7CE53DC91803864F00DC91AA /* Supporting Files */,
			);
			path = CAFPublicSafetyTests;
			sourceTree = SOURCE_ROOT;
		};
		7CE53DC91803864F00DC91AA /* Supporting Files */ = {
			isa = PBXGroup;
			children = (
				7CE53DCA1803864F00DC91AA /* CAFTests-Info.plist */,
				7CE53DCB1803864F00DC91AA /* InfoPlist.strings */,
			);
			name = "Supporting Files";
			sourceTree = "<group>";
		};
		7CE53DDA1803945E00DC91AA /* Model */ = {
			isa = PBXGroup;
			children = (
				7CE7A38A1826A9DE00C0964C /* CAF_VENDORS */,
				7CE7A3891826A19A00C0964C /* CAF_MAP */,
				7C0C04DF180DB504000B5B08 /* mapAnnotation.h */,
				7C0C04E0180DB504000B5B08 /* mapAnnotation.m */,
				7C0B4A6118073BB2007A7DCE /* SOPViewController.h */,
				7C0B4A6218073BB2007A7DCE /* SOPViewController.m */,
				7C0B4A5E18071983007A7DCE /* locationMapViewController.h */,
				7C0B4A5F18071983007A7DCE /* locationMapViewController.m */,
				7C0B4A5B18071003007A7DCE /* CredViewController.h */,
				7C0B4A5C18071003007A7DCE /* CredViewController.m */,
				7CC9CEBE1807A63A0097A75D /* contactsViewController.h */,
				7CC9CEBF1807A63A0097A75D /* contactsViewController.m */,
				7C9B78ED1816C57C00902D79 /* ContactsTableViewController.h */,
				7C9B78EE1816C57C00902D79 /* ContactsTableViewController.m */,
			);
			name = Model;
			path = ..;
			sourceTree = "<group>";
		};
		7CE53DDB1803946F00DC91AA /* GUI */ = {
			isa = PBXGroup;
			children = (
				7CE53DB21803864F00DC91AA /* AppDelegate.h */,
				7CE53DB31803864F00DC91AA /* AppDelegate.m */,
				7CE53DB51803864F00DC91AA /* Main.storyboard */,
				7CE53DB81803864F00DC91AA /* ViewController.h */,
				7CE53DB91803864F00DC91AA /* ViewController.m */,
				7CE53DBB1803864F00DC91AA /* Images.xcassets */,
			);
			name = GUI;
			sourceTree = "<group>";
		};
		7CE53DDC1803948300DC91AA /* images */ = {
			isa = PBXGroup;
			children = (
				7CB16E1D1831E145001C2722 /* messagesbubbleblack.png */,
				7C484CA1182F5A3C005C36AA /* phone-vector-icon-64.png */,
				7CAEE6A0182B3BEB006C0CD7 /* placeholder.png */,
				7CC13CBB182970190076172F /* add-photo-placeholder.png */,
			);
			name = images;
			sourceTree = "<group>";
		};
		7CE7A3891826A19A00C0964C /* CAF_MAP */ = {
			isa = PBXGroup;
			children = (
				7C003BB71804BB780098763A /* LocationDataController.h */,
				7C003BB81804BB780098763A /* LocationDataController.m */,
				7C003BB41804BB410098763A /* Location.h */,
				7C003BB51804BB410098763A /* Location.m */,
				7C93A7B31804A84F00529531 /* MapViewController.h */,
				7C93A7B41804A84F00529531 /* MapViewController.m */,
			);
			name = CAF_MAP;
			sourceTree = "<group>";
		};
		7CE7A38A1826A9DE00C0964C /* CAF_VENDORS */ = {
			isa = PBXGroup;
			children = (
				7CC13CBD1829975E0076172F /* MBProgressHUD.h */,
				7CC13CBE1829975E0076172F /* MBProgressHUD.m */,
				7CE7A38B1826AD3100C0964C /* VendorsViewController.h */,
				7CE7A38C1826AD3100C0964C /* VendorsViewController.m */,
				7CE7A38E1826AE1B00C0964C /* vendor.h */,
				7CE7A38F1826AE1B00C0964C /* vendor.m */,
				7CE7A3911826AF9A00C0964C /* VendorDetialViewController.h */,
				7CE7A3921826AF9A00C0964C /* VendorDetialViewController.m */,
				7CC13CB8182953840076172F /* NewVendorViewController.h */,
				7CC13CB9182953840076172F /* NewVendorViewController.m */,
			);
			name = CAF_VENDORS;
			sourceTree = "<group>";
		};
/* End PBXGroup section */

/* Begin PBXNativeTarget section */
		7CE53D9F1803864E00DC91AA /* CAF */ = {
			isa = PBXNativeTarget;
			buildConfigurationList = 7CE53DD21803864F00DC91AA /* Build configuration list for PBXNativeTarget "CAF" */;
			buildPhases = (
				7CE53D9C1803864E00DC91AA /* Sources */,
				7CE53D9D1803864E00DC91AA /* Frameworks */,
				7CE53D9E1803864E00DC91AA /* Resources */,
			);
			buildRules = (
			);
			dependencies = (
			);
			name = CAF;
			productName = CAFPublicSafety;
			productReference = 7CE53DA01803864E00DC91AA /* CAF.app */;
			productType = "com.apple.product-type.application";
		};
		7CE53DC01803864F00DC91AA /* CAFTests */ = {
			isa = PBXNativeTarget;
			buildConfigurationList = 7CE53DD51803864F00DC91AA /* Build configuration list for PBXNativeTarget "CAFTests" */;
			buildPhases = (
				7CE53DBD1803864F00DC91AA /* Sources */,
				7CE53DBE1803864F00DC91AA /* Frameworks */,
				7CE53DBF1803864F00DC91AA /* Resources */,
			);
			buildRules = (
			);
			dependencies = (
				7CE53DC71803864F00DC91AA /* PBXTargetDependency */,
			);
			name = CAFTests;
			productName = CAFPublicSafetyTests;
			productReference = 7CE53DC11803864F00DC91AA /* CAFTests.xctest */;
			productType = "com.apple.product-type.bundle.unit-test";
		};
/* End PBXNativeTarget section */

/* Begin PBXProject section */
		7CE53D981803864E00DC91AA /* Project object */ = {
			isa = PBXProject;
			attributes = {
				LastUpgradeCheck = 0510;
				ORGANIZATIONNAME = maricia;
				TargetAttributes = {
					7CE53D9F1803864E00DC91AA = {
						DevelopmentTeam = UAKY2RZ7H5;
						SystemCapabilities = {
							com.apple.InAppPurchase = {
								enabled = 0;
							};
						};
					};
					7CE53DC01803864F00DC91AA = {
						TestTargetID = 7CE53D9F1803864E00DC91AA;
					};
				};
			};
			buildConfigurationList = 7CE53D9B1803864E00DC91AA /* Build configuration list for PBXProject "CAF" */;
			compatibilityVersion = "Xcode 3.2";
			developmentRegion = English;
			hasScannedForEncodings = 0;
			knownRegions = (
				en,
				Base,
			);
			mainGroup = 7CE53D971803864E00DC91AA;
			productRefGroup = 7CE53DA11803864E00DC91AA /* Products */;
			projectDirPath = "";
			projectRoot = "";
			targets = (
				7CE53D9F1803864E00DC91AA /* CAF */,
				7CE53DC01803864F00DC91AA /* CAFTests */,
			);
		};
/* End PBXProject section */

/* Begin PBXResourcesBuildPhase section */
		7CE53D9E1803864E00DC91AA /* Resources */ = {
			isa = PBXResourcesBuildPhase;
			buildActionMask = 2147483647;
			files = (
				7CC9CECA1807BE230097A75D /* 640x1136.png in Resources */,
				7C147B551803D53B00C36D0E /* icon152.png in Resources */,
				7CB16E1E1831E145001C2722 /* messagesbubbleblack.png in Resources */,
				7CC9CEC61807B46D0097A75D /* star.png in Resources */,
				7CC9CEBD18079A350097A75D /* contact.html in Resources */,
				7C147B4F1803D53B00C36D0E /* caficon60.png in Resources */,
				7C147B4C1803D53B00C36D0E /* caf_vendors.png in Resources */,
				7C19A624180500770052902A /* cafmappic.png in Resources */,
				7C147B581803D53B00C36D0E /* wings.png in Resources */,
				7C147B571803D53B00C36D0E /* icon76.png in Resources */,
				7CC9CECE1807C2D90097A75D /* 640x960.png in Resources */,
				7CAEE6A1182B3BEB006C0CD7 /* placeholder.png in Resources */,
				7C0C04E3180DB68E000B5B08 /* InfoPlist.strings in Resources */,
				7CE53DBC1803864F00DC91AA /* Images.xcassets in Resources */,
				7CC9CEC21807B25C0097A75D /* book.png in Resources */,
				7CC9CEC41807B39F0097A75D /* contacts.png in Resources */,
				7C147B501803D53B00C36D0E /* credentials.jpg in Resources */,
				7CC9CEC81807B8D30097A75D /* write.png in Resources */,
				7C147B561803D53B00C36D0E /* icon512.png in Resources */,
				7CC13CBC182970190076172F /* add-photo-placeholder.png in Resources */,
				7C147B531803D53B00C36D0E /* icon1024.png in Resources */,
				7C484CA2182F5A3C005C36AA /* phone-vector-icon-64.png in Resources */,
				7C147B4D1803D53B00C36D0E /* caficon.png in Resources */,
				7C0B4A6518073D2E007A7DCE /* ASD-PSSOPpart1.pdf in Resources */,
				7CE53DB71803864F00DC91AA /* Main.storyboard in Resources */,
				7C147B4E1803D53B00C36D0E /* caficon120.png in Resources */,
			);
			runOnlyForDeploymentPostprocessing = 0;
		};
		7CE53DBF1803864F00DC91AA /* Resources */ = {
			isa = PBXResourcesBuildPhase;
			buildActionMask = 2147483647;
			files = (
				7CE53DCD1803864F00DC91AA /* InfoPlist.strings in Resources */,
			);
			runOnlyForDeploymentPostprocessing = 0;
		};
/* End PBXResourcesBuildPhase section */

/* Begin PBXSourcesBuildPhase section */
		7CE53D9C1803864E00DC91AA /* Sources */ = {
			isa = PBXSourcesBuildPhase;
			buildActionMask = 2147483647;
			files = (
				7C003BB91804BB780098763A /* LocationDataController.m in Sources */,
				7CE53DBA1803864F00DC91AA /* ViewController.m in Sources */,
				7C0B4A6318073BB2007A7DCE /* SOPViewController.m in Sources */,
				7CE7A3931826AF9A00C0964C /* VendorDetialViewController.m in Sources */,
				7C0C04E1180DB504000B5B08 /* mapAnnotation.m in Sources */,
				7CC9CEC01807A63A0097A75D /* contactsViewController.m in Sources */,
				7CE7A3901826AE1B00C0964C /* vendor.m in Sources */,
				7CC13CBF1829975E0076172F /* MBProgressHUD.m in Sources */,
				7CE53DB41803864F00DC91AA /* AppDelegate.m in Sources */,
				7C0B4A6018071983007A7DCE /* locationMapViewController.m in Sources */,
				7C93A7B51804A84F00529531 /* MapViewController.m in Sources */,
				7C003BB61804BB410098763A /* Location.m in Sources */,
				7CC13CBA182953840076172F /* NewVendorViewController.m in Sources */,
				7CE7A38D1826AD3100C0964C /* VendorsViewController.m in Sources */,
				7CE53DB01803864F00DC91AA /* main.m in Sources */,
				7C9B78EF1816C57C00902D79 /* ContactsTableViewController.m in Sources */,
				7C0B4A5D18071003007A7DCE /* CredViewController.m in Sources */,
			);
			runOnlyForDeploymentPostprocessing = 0;
		};
		7CE53DBD1803864F00DC91AA /* Sources */ = {
			isa = PBXSourcesBuildPhase;
			buildActionMask = 2147483647;
			files = (
				7CE53DCF1803864F00DC91AA /* CAFPublicSafetyTests.m in Sources */,
			);
			runOnlyForDeploymentPostprocessing = 0;
		};
/* End PBXSourcesBuildPhase section */

/* Begin PBXTargetDependency section */
		7CE53DC71803864F00DC91AA /* PBXTargetDependency */ = {
			isa = PBXTargetDependency;
			target = 7CE53D9F1803864E00DC91AA /* CAF */;
			targetProxy = 7CE53DC61803864F00DC91AA /* PBXContainerItemProxy */;
		};
/* End PBXTargetDependency section */

/* Begin PBXVariantGroup section */
		7CE53DB51803864F00DC91AA /* Main.storyboard */ = {
			isa = PBXVariantGroup;
			children = (
				7CE53DB61803864F00DC91AA /* Base */,
			);
			name = Main.storyboard;
			sourceTree = "<group>";
		};
		7CE53DCB1803864F00DC91AA /* InfoPlist.strings */ = {
			isa = PBXVariantGroup;
			children = (
				7CE53DCC1803864F00DC91AA /* en */,
			);
			name = InfoPlist.strings;
			sourceTree = "<group>";
		};
/* End PBXVariantGroup section */

/* Begin XCBuildConfiguration section */
		7CE53DD01803864F00DC91AA /* Debug */ = {
			isa = XCBuildConfiguration;
			buildSettings = {
				ALWAYS_SEARCH_USER_PATHS = NO;
				CLANG_CXX_LANGUAGE_STANDARD = "gnu++0x";
				CLANG_CXX_LIBRARY = "libc++";
				CLANG_ENABLE_MODULES = YES;
				CLANG_ENABLE_OBJC_ARC = YES;
				CLANG_WARN_BOOL_CONVERSION = YES;
				CLANG_WARN_CONSTANT_CONVERSION = YES;
				CLANG_WARN_DIRECT_OBJC_ISA_USAGE = YES_ERROR;
				CLANG_WARN_EMPTY_BODY = YES;
				CLANG_WARN_ENUM_CONVERSION = YES;
				CLANG_WARN_INT_CONVERSION = YES;
				CLANG_WARN_OBJC_ROOT_CLASS = YES_ERROR;
				CLANG_WARN__DUPLICATE_METHOD_MATCH = YES;
				CODE_SIGN_IDENTITY = "Apple Development IOS Push Services: com.maricia.caf";
				"CODE_SIGN_IDENTITY[sdk=iphoneos*]" = "Apple Development IOS Push Services: com.maricia.caf";
				COPY_PHASE_STRIP = NO;
				GCC_C_LANGUAGE_STANDARD = gnu99;
				GCC_DYNAMIC_NO_PIC = NO;
				GCC_OPTIMIZATION_LEVEL = 0;
				GCC_PREPROCESSOR_DEFINITIONS = (
					"DEBUG=1",
					"$(inherited)",
				);
				GCC_SYMBOLS_PRIVATE_EXTERN = NO;
				GCC_WARN_64_TO_32_BIT_CONVERSION = YES;
				GCC_WARN_ABOUT_RETURN_TYPE = YES_ERROR;
				GCC_WARN_UNDECLARED_SELECTOR = YES;
				GCC_WARN_UNINITIALIZED_AUTOS = YES;
				GCC_WARN_UNUSED_FUNCTION = YES;
				GCC_WARN_UNUSED_VARIABLE = YES;
				IPHONEOS_DEPLOYMENT_TARGET = 7.0;
				ONLY_ACTIVE_ARCH = YES;
				PROVISIONING_PROFILE = "FA4E0A69-CC21-4A22-A246-A654611BBE66";
				SDKROOT = iphoneos;
			};
			name = Debug;
		};
		7CE53DD11803864F00DC91AA /* Release */ = {
			isa = XCBuildConfiguration;
			buildSettings = {
				ALWAYS_SEARCH_USER_PATHS = NO;
				CLANG_CXX_LANGUAGE_STANDARD = "gnu++0x";
				CLANG_CXX_LIBRARY = "libc++";
				CLANG_ENABLE_MODULES = YES;
				CLANG_ENABLE_OBJC_ARC = YES;
				CLANG_WARN_BOOL_CONVERSION = YES;
				CLANG_WARN_CONSTANT_CONVERSION = YES;
				CLANG_WARN_DIRECT_OBJC_ISA_USAGE = YES_ERROR;
				CLANG_WARN_EMPTY_BODY = YES;
				CLANG_WARN_ENUM_CONVERSION = YES;
				CLANG_WARN_INT_CONVERSION = YES;
				CLANG_WARN_OBJC_ROOT_CLASS = YES_ERROR;
				CLANG_WARN__DUPLICATE_METHOD_MATCH = YES;
				CODE_SIGN_IDENTITY = "Apple Development IOS Push Services: com.maricia.caf";
				"CODE_SIGN_IDENTITY[sdk=iphoneos*]" = "Apple Development IOS Push Services: com.maricia.caf";
				COPY_PHASE_STRIP = YES;
				ENABLE_NS_ASSERTIONS = NO;
				GCC_C_LANGUAGE_STANDARD = gnu99;
				GCC_WARN_64_TO_32_BIT_CONVERSION = YES;
				GCC_WARN_ABOUT_RETURN_TYPE = YES_ERROR;
				GCC_WARN_UNDECLARED_SELECTOR = YES;
				GCC_WARN_UNINITIALIZED_AUTOS = YES;
				GCC_WARN_UNUSED_FUNCTION = YES;
				GCC_WARN_UNUSED_VARIABLE = YES;
				IPHONEOS_DEPLOYMENT_TARGET = 7.0;
				PROVISIONING_PROFILE = "FA4E0A69-CC21-4A22-A246-A654611BBE66";
				SDKROOT = iphoneos;
				VALIDATE_PRODUCT = YES;
			};
			name = Release;
		};
		7CE53DD31803864F00DC91AA /* Debug */ = {
			isa = XCBuildConfiguration;
			buildSettings = {
				ASSETCATALOG_COMPILER_APPICON_NAME = "AppIcon-4";
				ASSETCATALOG_COMPILER_LAUNCHIMAGE_NAME = "LaunchImage-3";
				CODE_SIGN_IDENTITY = "Apple Development IOS Push Services: com.maricia.cafvendors";
				"CODE_SIGN_IDENTITY[sdk=iphoneos*]" = "Apple Development IOS Push Services: com.maricia.cafvendors";
				FRAMEWORK_SEARCH_PATHS = (
					"$(inherited)",
					/Users/maricia/Documents/Projects/CAF,
				);
				GCC_PRECOMPILE_PREFIX_HEADER = YES;
				GCC_PREFIX_HEADER = "CAFPublicSafety/CAF-Prefix.pch";
				INFOPLIST_FILE = "CAFPublicSafety/CAF-Info.plist";
				IPHONEOS_DEPLOYMENT_TARGET = 7.0;
				PRODUCT_NAME = CAF;
				PROVISIONING_PROFILE = "FA4E0A69-CC21-4A22-A246-A654611BBE66";
				TARGETED_DEVICE_FAMILY = 1;
				WRAPPER_EXTENSION = app;
			};
			name = Debug;
		};
		7CE53DD41803864F00DC91AA /* Release */ = {
			isa = XCBuildConfiguration;
			buildSettings = {
				ASSETCATALOG_COMPILER_APPICON_NAME = "AppIcon-4";
				ASSETCATALOG_COMPILER_LAUNCHIMAGE_NAME = "LaunchImage-3";
				CODE_SIGN_IDENTITY = "Apple Development IOS Push Services: com.maricia.cafvendors";
				"CODE_SIGN_IDENTITY[sdk=iphoneos*]" = "Apple Development IOS Push Services: com.maricia.cafvendors";
				FRAMEWORK_SEARCH_PATHS = (
					"$(inherited)",
					/Users/maricia/Documents/Projects/CAF,
				);
				GCC_PRECOMPILE_PREFIX_HEADER = YES;
				GCC_PREFIX_HEADER = "CAFPublicSafety/CAF-Prefix.pch";
				INFOPLIST_FILE = "CAFPublicSafety/CAF-Info.plist";
				IPHONEOS_DEPLOYMENT_TARGET = 7.0;
				PRODUCT_NAME = CAF;
				PROVISIONING_PROFILE = "FA4E0A69-CC21-4A22-A246-A654611BBE66";
				TARGETED_DEVICE_FAMILY = 1;
				WRAPPER_EXTENSION = app;
			};
			name = Release;
		};
		7CE53DD61803864F00DC91AA /* Debug */ = {
			isa = XCBuildConfiguration;
			buildSettings = {
				BUNDLE_LOADER = "$(BUILT_PRODUCTS_DIR)/CAFPublicSafety.app/CAFPublicSafety";
				FRAMEWORK_SEARCH_PATHS = (
					"$(SDKROOT)/Developer/Library/Frameworks",
					"$(inherited)",
					"$(DEVELOPER_FRAMEWORKS_DIR)",
				);
				GCC_PRECOMPILE_PREFIX_HEADER = YES;
				GCC_PREFIX_HEADER = "CAFPublicSafety/CAFPublicSafety-Prefix.pch";
				GCC_PREPROCESSOR_DEFINITIONS = (
					"DEBUG=1",
					"$(inherited)",
				);
				INFOPLIST_FILE = "CAFPublicSafetyTests/CAFTests-Info.plist";
				PRODUCT_NAME = CAFTests;
				TEST_HOST = "$(BUNDLE_LOADER)";
				WRAPPER_EXTENSION = xctest;
			};
			name = Debug;
		};
		7CE53DD71803864F00DC91AA /* Release */ = {
			isa = XCBuildConfiguration;
			buildSettings = {
				BUNDLE_LOADER = "$(BUILT_PRODUCTS_DIR)/CAFPublicSafety.app/CAFPublicSafety";
				FRAMEWORK_SEARCH_PATHS = (
					"$(SDKROOT)/Developer/Library/Frameworks",
					"$(inherited)",
					"$(DEVELOPER_FRAMEWORKS_DIR)",
				);
				GCC_PRECOMPILE_PREFIX_HEADER = YES;
				GCC_PREFIX_HEADER = "CAFPublicSafety/CAFPublicSafety-Prefix.pch";
				INFOPLIST_FILE = "CAFPublicSafetyTests/CAFTests-Info.plist";
				PRODUCT_NAME = CAFTests;
				TEST_HOST = "$(BUNDLE_LOADER)";
				WRAPPER_EXTENSION = xctest;
			};
			name = Release;
		};
/* End XCBuildConfiguration section */

/* Begin XCConfigurationList section */
		7CE53D9B1803864E00DC91AA /* Build configuration list for PBXProject "CAF" */ = {
			isa = XCConfigurationList;
			buildConfigurations = (
				7CE53DD01803864F00DC91AA /* Debug */,
				7CE53DD11803864F00DC91AA /* Release */,
			);
			defaultConfigurationIsVisible = 0;
			defaultConfigurationName = Release;
		};
		7CE53DD21803864F00DC91AA /* Build configuration list for PBXNativeTarget "CAF" */ = {
			isa = XCConfigurationList;
			buildConfigurations = (
				7CE53DD31803864F00DC91AA /* Debug */,
				7CE53DD41803864F00DC91AA /* Release */,
			);
			defaultConfigurationIsVisible = 0;
			defaultConfigurationName = Release;
		};
		7CE53DD51803864F00DC91AA /* Build configuration list for PBXNativeTarget "CAFTests" */ = {
			isa = XCConfigurationList;
			buildConfigurations = (
				7CE53DD61803864F00DC91AA /* Debug */,
				7CE53DD71803864F00DC91AA /* Release */,
			);
			defaultConfigurationIsVisible = 0;
			defaultConfigurationName = Release;
		};
/* End XCConfigurationList section */
	};
	rootObject = 7CE53D981803864E00DC91AA /* Project object */;
}
